
Microsoft Visual Studio Solution File, Format Version 12.00
# Visual Studio Version 17
VisualStudioVersion = 17.9.34728.123
MinimumVisualStudioVersion = 10.0.40219.1
Project("{9A19103F-16F7-4668-BE54-9A1E7A4F7556}") = "VacationManager", "VacationManager.csproj", "{731DCCAC-B09D-414E-8D80-53666E08714A}"
EndProject
Project("{FAE04EC0-301F-11D3-BF4B-00C04F79EFBC}") = "VacationManagerTests", "..\VacationManagerTests\VacationManagerTests.csproj", "{AFC23A8D-7C18-4E58-A6B9-8D2DB82A1C1B}"
EndProject
Global
	GlobalSection(SolutionConfigurationPlatforms) = preSolution
		Debug|Any CPU = Debug|Any CPU
		Release|Any CPU = Release|Any CPU
	EndGlobalSection
	GlobalSection(ProjectConfigurationPlatforms) = postSolution
		{731DCCAC-B09D-414E-8D80-53666E08714A}.Debug|Any CPU.ActiveCfg = Debug|Any CPU
		{731DCCAC-B09D-414E-8D80-53666E08714A}.Debug|Any CPU.Build.0 = Debug|Any CPU
		{731DCCAC-B09D-414E-8D80-53666E08714A}.Release|Any CPU.ActiveCfg = Release|Any CPU
		{731DCCAC-B09D-414E-8D80-53666E08714A}.Release|Any CPU.Build.0 = Release|Any CPU
		{AFC23A8D-7C18-4E58-A6B9-8D2DB82A1C1B}.Debug|Any CPU.ActiveCfg = Debug|Any CPU
		{AFC23A8D-7C18-4E58-A6B9-8D2DB82A1C1B}.Debug|Any CPU.Build.0 = Debug|Any CPU
		{AFC23A8D-7C18-4E58-A6B9-8D2DB82A1C1B}.Release|Any CPU.ActiveCfg = Release|Any CPU
		{AFC23A8D-7C18-4E58-A6B9-8D2DB82A1C1B}.Release|Any CPU.Build.0 = Release|Any CPU
	EndGlobalSection
	GlobalSection(SolutionProperties) = preSolution
		HideSolutionNode = FALSE
	EndGlobalSection
	GlobalSection(ExtensibilityGlobals) = postSolution
		SolutionGuid = {678CB268-70ED-4D32-8CEF-C3D372E2AAE7}
	EndGlobalSection
EndGlobal
